
Microsoft Visual Studio Solution File, Format Version 12.00
# Visual Studio Version 17
VisualStudioVersion = 17.8.34511.84
MinimumVisualStudioVersion = 10.0.40219.1
Project("{FAE04EC0-301F-11D3-BF4B-00C04F79EFBC}") = "SevenWondersApp", "SevenWondersApp.csproj", "{C725F3F1-10E2-4C00-AFC9-9E66DA8E6C94}"
EndProject
Global
	GlobalSection(SolutionConfigurationPlatforms) = preSolution
		Debug|Any CPU = Debug|Any CPU
		Release|Any CPU = Release|Any CPU
	EndGlobalSection
	GlobalSection(ProjectConfigurationPlatforms) = postSolution
		{C725F3F1-10E2-4C00-AFC9-9E66DA8E6C94}.Debug|Any CPU.ActiveCfg = Debug|Any CPU
		{C725F3F1-10E2-4C00-AFC9-9E66DA8E6C94}.Debug|Any CPU.Build.0 = Debug|Any CPU
		{C725F3F1-10E2-4C00-AFC9-9E66DA8E6C94}.Release|Any CPU.ActiveCfg = Release|Any CPU
		{C725F3F1-10E2-4C00-AFC9-9E66DA8E6C94}.Release|Any CPU.Build.0 = Release|Any CPU
	EndGlobalSection
	GlobalSection(SolutionProperties) = preSolution
		HideSolutionNode = FALSE
	EndGlobalSection
	GlobalSection(ExtensibilityGlobals) = postSolution
		SolutionGuid = {8A72AB1A-3DD4-47F1-B449-1CB990D22E98}
	EndGlobalSection
EndGlobal
